
Microsoft Visual Studio Solution File, Format Version 12.00
# Visual Studio Version 16
VisualStudioVersion = 16.0.30104.148
MinimumVisualStudioVersion = 10.0.40219.1
Project("{FAE04EC0-301F-11D3-BF4B-00C04F79EFBC}") = "Laboratorio 08 Juan Roncagliolo", "Laboratorio 08 Juan Roncagliolo\Laboratorio 08 Juan Roncagliolo.csproj", "{92C5A2EC-47D4-405C-A5F5-2DE38BB8A2FD}"
EndProject
Project("{FAE04EC0-301F-11D3-BF4B-00C04F79EFBC}") = "Laboratorio 08 Juan RoncaglioloTests", "Laboratorio 08 Juan RoncaglioloTests\Laboratorio 08 Juan RoncaglioloTests.csproj", "{009C902F-E923-472D-827A-2BE123AC96BA}"
EndProject
Global
	GlobalSection(SolutionConfigurationPlatforms) = preSolution
		Debug|Any CPU = Debug|Any CPU
		Release|Any CPU = Release|Any CPU
	EndGlobalSection
	GlobalSection(ProjectConfigurationPlatforms) = postSolution
		{92C5A2EC-47D4-405C-A5F5-2DE38BB8A2FD}.Debug|Any CPU.ActiveCfg = Debug|Any CPU
		{92C5A2EC-47D4-405C-A5F5-2DE38BB8A2FD}.Debug|Any CPU.Build.0 = Debug|Any CPU
		{92C5A2EC-47D4-405C-A5F5-2DE38BB8A2FD}.Release|Any CPU.ActiveCfg = Release|Any CPU
		{92C5A2EC-47D4-405C-A5F5-2DE38BB8A2FD}.Release|Any CPU.Build.0 = Release|Any CPU
		{009C902F-E923-472D-827A-2BE123AC96BA}.Debug|Any CPU.ActiveCfg = Debug|Any CPU
		{009C902F-E923-472D-827A-2BE123AC96BA}.Debug|Any CPU.Build.0 = Debug|Any CPU
		{009C902F-E923-472D-827A-2BE123AC96BA}.Release|Any CPU.ActiveCfg = Release|Any CPU
		{009C902F-E923-472D-827A-2BE123AC96BA}.Release|Any CPU.Build.0 = Release|Any CPU
	EndGlobalSection
	GlobalSection(SolutionProperties) = preSolution
		HideSolutionNode = FALSE
	EndGlobalSection
	GlobalSection(ExtensibilityGlobals) = postSolution
		SolutionGuid = {57B5053E-90BA-4CC2-BCCD-D05C7031B578}
	EndGlobalSection
EndGlobal
